
Microsoft Visual Studio Solution File, Format Version 12.00
# Visual Studio Version 16
VisualStudioVersion = 16.0.31205.134
MinimumVisualStudioVersion = 10.0.40219.1
Project("{2150E333-8FDC-42A3-9474-1A3956D46DE8}") = "Application", "Application", "{5D32ED41-67EF-4D34-9423-0D3129066CFE}"
EndProject
Project("{2150E333-8FDC-42A3-9474-1A3956D46DE8}") = "Domain", "Domain", "{EBE432C0-C734-4EDF-BE72-96DE37319025}"
EndProject
Project("{2150E333-8FDC-42A3-9474-1A3956D46DE8}") = "Infrastructure", "Infrastructure", "{2E46A2A6-85AB-4A24-9C8C-8A742E325866}"
EndProject
Project("{2150E333-8FDC-42A3-9474-1A3956D46DE8}") = "Gateway", "Gateway", "{1D042061-150C-451C-9208-1C8DEAED6895}"
EndProject
Project("{2150E333-8FDC-42A3-9474-1A3956D46DE8}") = "Microservices", "Microservices", "{E62B0B6B-31B5-47A5-B965-FBB77BCE1958}"
EndProject
Project("{2150E333-8FDC-42A3-9474-1A3956D46DE8}") = "WebApplication", "WebApplication", "{9002EB46-6DFB-4D8C-8B60-E709E3584EF4}"
EndProject
Project("{9A19103F-16F7-4668-BE54-9A1E7A4F7556}") = "Api.One", "src\Application\Microservices\Api.One\Api.One.csproj", "{CC75BB01-3AB4-49C7-9042-279B2313B709}"
EndProject
Project("{9A19103F-16F7-4668-BE54-9A1E7A4F7556}") = "Useful", "src\Infrastructure\Useful\Useful.csproj", "{F9C29D4F-7FA0-4951-82DA-D03BE22F7891}"
EndProject
Project("{9A19103F-16F7-4668-BE54-9A1E7A4F7556}") = "Api.Two", "src\Application\Microservices\Api.Two\Api.Two.csproj", "{87836C24-5B65-4D21-B778-281CEDCAF525}"
EndProject
Project("{9A19103F-16F7-4668-BE54-9A1E7A4F7556}") = "Domain.Two", "src\Domain\Domain.Two\Domain.Two.csproj", "{AEAC677D-AE08-42FB-A77F-204C9C94BEFC}"
EndProject
Project("{9A19103F-16F7-4668-BE54-9A1E7A4F7556}") = "Gateway.Ocelot", "src\Application\Gateway\Gateway.Ocelot\Gateway.Ocelot.csproj", "{EBE6BCD7-CB1C-4523-BF51-48B6C447D25E}"
EndProject
Project("{9A19103F-16F7-4668-BE54-9A1E7A4F7556}") = "Web.App", "src\Application\WebApplication\Web.App\Web.App.csproj", "{9BAF90A0-0342-486E-B359-DDCD3A204136}"
EndProject
Project("{2150E333-8FDC-42A3-9474-1A3956D46DE8}") = "src", "src", "{04F73988-5950-4966-8654-A7172ACFE806}"
EndProject
Project("{2150E333-8FDC-42A3-9474-1A3956D46DE8}") = "tests", "tests", "{D1B7A4C6-881F-4C68-A1B5-F3FF799A82AF}"
EndProject
Project("{2150E333-8FDC-42A3-9474-1A3956D46DE8}") = "Application", "Application", "{878BF5EB-BA06-46A1-A251-918A7BA7BB6F}"
EndProject
Project("{2150E333-8FDC-42A3-9474-1A3956D46DE8}") = "Domain", "Domain", "{E7DFD749-0060-46EC-A121-C92C760917B6}"
EndProject
Project("{9A19103F-16F7-4668-BE54-9A1E7A4F7556}") = "Domain.One", "src\Domain\Domain.One\Domain.One.csproj", "{C4079666-3A8C-4AF5-A9EF-69E9C467F499}"
EndProject
Project("{9A19103F-16F7-4668-BE54-9A1E7A4F7556}") = "Domain.One.Tests", "tests\Domain\Domain.One.Tests\Domain.One.Tests.csproj", "{04B7137F-953E-42F2-A220-B227A15D2A5F}"
EndProject
Project("{9A19103F-16F7-4668-BE54-9A1E7A4F7556}") = "Api.One.Tests", "tests\Application\Api.One.Tests\Api.One.Tests.csproj", "{686D283C-58D0-48BF-87A4-F28FB549E383}"
EndProject
Project("{9A19103F-16F7-4668-BE54-9A1E7A4F7556}") = "Api.Two.Tests", "tests\Application\Api.Two.Tests\Api.Two.Tests.csproj", "{ED2E752B-94EE-4969-8966-FCBB4BE5FDF6}"
EndProject
Project("{9A19103F-16F7-4668-BE54-9A1E7A4F7556}") = "Web.App.Tests", "tests\Application\Web.App.Tests\Web.App.Tests.csproj", "{A460FBB9-11F2-4B7F-AD5E-9FDAB2A9BBF1}"
EndProject
Project("{E53339B2-1760-4266-BCC7-CA923CBCF16C}") = "docker-compose", "docker-compose.dcproj", "{D7E4838B-3429-4FBB-8AFC-9C45BC2BEF3D}"
EndProject
Global
	GlobalSection(SolutionConfigurationPlatforms) = preSolution
		Debug|Any CPU = Debug|Any CPU
		Release|Any CPU = Release|Any CPU
	EndGlobalSection
	GlobalSection(ProjectConfigurationPlatforms) = postSolution
		{CC75BB01-3AB4-49C7-9042-279B2313B709}.Debug|Any CPU.ActiveCfg = Debug|Any CPU
		{CC75BB01-3AB4-49C7-9042-279B2313B709}.Debug|Any CPU.Build.0 = Debug|Any CPU
		{CC75BB01-3AB4-49C7-9042-279B2313B709}.Release|Any CPU.ActiveCfg = Release|Any CPU
		{CC75BB01-3AB4-49C7-9042-279B2313B709}.Release|Any CPU.Build.0 = Release|Any CPU
		{F9C29D4F-7FA0-4951-82DA-D03BE22F7891}.Debug|Any CPU.ActiveCfg = Debug|Any CPU
		{F9C29D4F-7FA0-4951-82DA-D03BE22F7891}.Debug|Any CPU.Build.0 = Debug|Any CPU
		{F9C29D4F-7FA0-4951-82DA-D03BE22F7891}.Release|Any CPU.ActiveCfg = Release|Any CPU
		{F9C29D4F-7FA0-4951-82DA-D03BE22F7891}.Release|Any CPU.Build.0 = Release|Any CPU
		{87836C24-5B65-4D21-B778-281CEDCAF525}.Debug|Any CPU.ActiveCfg = Debug|Any CPU
		{87836C24-5B65-4D21-B778-281CEDCAF525}.Debug|Any CPU.Build.0 = Debug|Any CPU
		{87836C24-5B65-4D21-B778-281CEDCAF525}.Release|Any CPU.ActiveCfg = Release|Any CPU
		{87836C24-5B65-4D21-B778-281CEDCAF525}.Release|Any CPU.Build.0 = Release|Any CPU
		{AEAC677D-AE08-42FB-A77F-204C9C94BEFC}.Debug|Any CPU.ActiveCfg = Debug|Any CPU
		{AEAC677D-AE08-42FB-A77F-204C9C94BEFC}.Debug|Any CPU.Build.0 = Debug|Any CPU
		{AEAC677D-AE08-42FB-A77F-204C9C94BEFC}.Release|Any CPU.ActiveCfg = Release|Any CPU
		{AEAC677D-AE08-42FB-A77F-204C9C94BEFC}.Release|Any CPU.Build.0 = Release|Any CPU
		{EBE6BCD7-CB1C-4523-BF51-48B6C447D25E}.Debug|Any CPU.ActiveCfg = Debug|Any CPU
		{EBE6BCD7-CB1C-4523-BF51-48B6C447D25E}.Debug|Any CPU.Build.0 = Debug|Any CPU
		{EBE6BCD7-CB1C-4523-BF51-48B6C447D25E}.Release|Any CPU.ActiveCfg = Release|Any CPU
		{EBE6BCD7-CB1C-4523-BF51-48B6C447D25E}.Release|Any CPU.Build.0 = Release|Any CPU
		{9BAF90A0-0342-486E-B359-DDCD3A204136}.Debug|Any CPU.ActiveCfg = Debug|Any CPU
		{9BAF90A0-0342-486E-B359-DDCD3A204136}.Debug|Any CPU.Build.0 = Debug|Any CPU
		{9BAF90A0-0342-486E-B359-DDCD3A204136}.Release|Any CPU.ActiveCfg = Release|Any CPU
		{9BAF90A0-0342-486E-B359-DDCD3A204136}.Release|Any CPU.Build.0 = Release|Any CPU
		{C4079666-3A8C-4AF5-A9EF-69E9C467F499}.Debug|Any CPU.ActiveCfg = Debug|Any CPU
		{C4079666-3A8C-4AF5-A9EF-69E9C467F499}.Debug|Any CPU.Build.0 = Debug|Any CPU
		{C4079666-3A8C-4AF5-A9EF-69E9C467F499}.Release|Any CPU.ActiveCfg = Release|Any CPU
		{C4079666-3A8C-4AF5-A9EF-69E9C467F499}.Release|Any CPU.Build.0 = Release|Any CPU
		{04B7137F-953E-42F2-A220-B227A15D2A5F}.Debug|Any CPU.ActiveCfg = Debug|Any CPU
		{04B7137F-953E-42F2-A220-B227A15D2A5F}.Debug|Any CPU.Build.0 = Debug|Any CPU
		{04B7137F-953E-42F2-A220-B227A15D2A5F}.Release|Any CPU.ActiveCfg = Release|Any CPU
		{04B7137F-953E-42F2-A220-B227A15D2A5F}.Release|Any CPU.Build.0 = Release|Any CPU
		{686D283C-58D0-48BF-87A4-F28FB549E383}.Debug|Any CPU.ActiveCfg = Debug|Any CPU
		{686D283C-58D0-48BF-87A4-F28FB549E383}.Debug|Any CPU.Build.0 = Debug|Any CPU
		{686D283C-58D0-48BF-87A4-F28FB549E383}.Release|Any CPU.ActiveCfg = Release|Any CPU
		{686D283C-58D0-48BF-87A4-F28FB549E383}.Release|Any CPU.Build.0 = Release|Any CPU
		{ED2E752B-94EE-4969-8966-FCBB4BE5FDF6}.Debug|Any CPU.ActiveCfg = Debug|Any CPU
		{ED2E752B-94EE-4969-8966-FCBB4BE5FDF6}.Debug|Any CPU.Build.0 = Debug|Any CPU
		{ED2E752B-94EE-4969-8966-FCBB4BE5FDF6}.Release|Any CPU.ActiveCfg = Release|Any CPU
		{ED2E752B-94EE-4969-8966-FCBB4BE5FDF6}.Release|Any CPU.Build.0 = Release|Any CPU
		{A460FBB9-11F2-4B7F-AD5E-9FDAB2A9BBF1}.Debug|Any CPU.ActiveCfg = Debug|Any CPU
		{A460FBB9-11F2-4B7F-AD5E-9FDAB2A9BBF1}.Debug|Any CPU.Build.0 = Debug|Any CPU
		{A460FBB9-11F2-4B7F-AD5E-9FDAB2A9BBF1}.Release|Any CPU.ActiveCfg = Release|Any CPU
		{A460FBB9-11F2-4B7F-AD5E-9FDAB2A9BBF1}.Release|Any CPU.Build.0 = Release|Any CPU
		{D7E4838B-3429-4FBB-8AFC-9C45BC2BEF3D}.Debug|Any CPU.ActiveCfg = Debug|Any CPU
		{D7E4838B-3429-4FBB-8AFC-9C45BC2BEF3D}.Debug|Any CPU.Build.0 = Debug|Any CPU
		{D7E4838B-3429-4FBB-8AFC-9C45BC2BEF3D}.Release|Any CPU.ActiveCfg = Release|Any CPU
		{D7E4838B-3429-4FBB-8AFC-9C45BC2BEF3D}.Release|Any CPU.Build.0 = Release|Any CPU
	EndGlobalSection
	GlobalSection(SolutionProperties) = preSolution
		HideSolutionNode = FALSE
	EndGlobalSection
	GlobalSection(NestedProjects) = preSolution
		{5D32ED41-67EF-4D34-9423-0D3129066CFE} = {04F73988-5950-4966-8654-A7172ACFE806}
		{EBE432C0-C734-4EDF-BE72-96DE37319025} = {04F73988-5950-4966-8654-A7172ACFE806}
		{2E46A2A6-85AB-4A24-9C8C-8A742E325866} = {04F73988-5950-4966-8654-A7172ACFE806}
		{1D042061-150C-451C-9208-1C8DEAED6895} = {5D32ED41-67EF-4D34-9423-0D3129066CFE}
		{E62B0B6B-31B5-47A5-B965-FBB77BCE1958} = {5D32ED41-67EF-4D34-9423-0D3129066CFE}
		{9002EB46-6DFB-4D8C-8B60-E709E3584EF4} = {5D32ED41-67EF-4D34-9423-0D3129066CFE}
		{CC75BB01-3AB4-49C7-9042-279B2313B709} = {E62B0B6B-31B5-47A5-B965-FBB77BCE1958}
		{F9C29D4F-7FA0-4951-82DA-D03BE22F7891} = {2E46A2A6-85AB-4A24-9C8C-8A742E325866}
		{87836C24-5B65-4D21-B778-281CEDCAF525} = {E62B0B6B-31B5-47A5-B965-FBB77BCE1958}
		{AEAC677D-AE08-42FB-A77F-204C9C94BEFC} = {EBE432C0-C734-4EDF-BE72-96DE37319025}
		{EBE6BCD7-CB1C-4523-BF51-48B6C447D25E} = {1D042061-150C-451C-9208-1C8DEAED6895}
		{9BAF90A0-0342-486E-B359-DDCD3A204136} = {9002EB46-6DFB-4D8C-8B60-E709E3584EF4}
		{878BF5EB-BA06-46A1-A251-918A7BA7BB6F} = {D1B7A4C6-881F-4C68-A1B5-F3FF799A82AF}
		{E7DFD749-0060-46EC-A121-C92C760917B6} = {D1B7A4C6-881F-4C68-A1B5-F3FF799A82AF}
		{C4079666-3A8C-4AF5-A9EF-69E9C467F499} = {EBE432C0-C734-4EDF-BE72-96DE37319025}
		{04B7137F-953E-42F2-A220-B227A15D2A5F} = {E7DFD749-0060-46EC-A121-C92C760917B6}
		{686D283C-58D0-48BF-87A4-F28FB549E383} = {878BF5EB-BA06-46A1-A251-918A7BA7BB6F}
		{ED2E752B-94EE-4969-8966-FCBB4BE5FDF6} = {878BF5EB-BA06-46A1-A251-918A7BA7BB6F}
		{A460FBB9-11F2-4B7F-AD5E-9FDAB2A9BBF1} = {878BF5EB-BA06-46A1-A251-918A7BA7BB6F}
	EndGlobalSection
	GlobalSection(ExtensibilityGlobals) = postSolution
		SolutionGuid = {00E1E3B1-F1C2-4008-BBA0-6B8C532929FC}
	EndGlobalSection
EndGlobal
